
Microsoft Visual Studio Solution File, Format Version 12.00
# Visual Studio Version 17
VisualStudioVersion = 17.3.32929.385
MinimumVisualStudioVersion = 10.0.40219.1
Project("{C7167F0D-BC9F-4E6E-AFE1-012C56B48DB5}") = "billiardsgrade.Package", "billiardsgrade.Package\billiardsgrade.Package.wapproj", "{36F7B3A4-B4A4-4C24-9EDC-C3636D94A482}"
EndProject
Project("{8BC9CEB8-8B4A-11D0-8D11-00A0C91BC942}") = "billiardsgrade", "billiardsgrade\billiardsgrade.vcxproj", "{DA5AFCB8-286B-4F48-9D75-1FA2C2706223}"
EndProject
Project("{8BC9CEB8-8B4A-11D0-8D11-00A0C91BC942}") = "RNTTS", "..\node_modules\react-native-tts\windows\RNTTS\RNTTS.vcxproj", "{B250B404-D1A2-4171-851E-E80BA031DAF0}"
EndProject
Global
	GlobalSection(SolutionConfigurationPlatforms) = preSolution
		Debug|x64 = Debug|x64
		Debug|x86 = Debug|x86
		Debug|ARM64 = Debug|ARM64
		Release|x64 = Release|x64
		Release|x86 = Release|x86
		Release|ARM64 = Release|ARM64
	EndGlobalSection
	GlobalSection(ProjectConfigurationPlatforms) = postSolution
		{36F7B3A4-B4A4-4C24-9EDC-C3636D94A482}.Debug|x64.ActiveCfg = Debug|x64
		{36F7B3A4-B4A4-4C24-9EDC-C3636D94A482}.Debug|x64.Build.0 = Debug|x64
		{36F7B3A4-B4A4-4C24-9EDC-C3636D94A482}.Debug|x64.Deploy.0 = Debug|x64
		{36F7B3A4-B4A4-4C24-9EDC-C3636D94A482}.Debug|x86.ActiveCfg = Debug|x86
		{36F7B3A4-B4A4-4C24-9EDC-C3636D94A482}.Debug|x86.Build.0 = Debug|x86
		{36F7B3A4-B4A4-4C24-9EDC-C3636D94A482}.Debug|x86.Deploy.0 = Debug|x86
		{36F7B3A4-B4A4-4C24-9EDC-C3636D94A482}.Debug|ARM64.ActiveCfg = Debug|ARM64
		{36F7B3A4-B4A4-4C24-9EDC-C3636D94A482}.Debug|ARM64.Build.0 = Debug|ARM64
		{36F7B3A4-B4A4-4C24-9EDC-C3636D94A482}.Debug|ARM64.Deploy.0 = Debug|ARM64
		{36F7B3A4-B4A4-4C24-9EDC-C3636D94A482}.Release|x64.ActiveCfg = Release|x64
		{36F7B3A4-B4A4-4C24-9EDC-C3636D94A482}.Release|x64.Build.0 = Release|x64
		{36F7B3A4-B4A4-4C24-9EDC-C3636D94A482}.Release|x64.Deploy.0 = Release|x64
		{36F7B3A4-B4A4-4C24-9EDC-C3636D94A482}.Release|x86.ActiveCfg = Release|x86
		{36F7B3A4-B4A4-4C24-9EDC-C3636D94A482}.Release|x86.Build.0 = Release|x86
		{36F7B3A4-B4A4-4C24-9EDC-C3636D94A482}.Release|x86.Deploy.0 = Release|x86
		{36F7B3A4-B4A4-4C24-9EDC-C3636D94A482}.Release|ARM64.ActiveCfg = Release|ARM64
		{36F7B3A4-B4A4-4C24-9EDC-C3636D94A482}.Release|ARM64.Build.0 = Release|ARM64
		{36F7B3A4-B4A4-4C24-9EDC-C3636D94A482}.Release|ARM64.Deploy.0 = Release|ARM64
		{DA5AFCB8-286B-4F48-9D75-1FA2C2706223}.Debug|x64.ActiveCfg = Debug|x64
		{DA5AFCB8-286B-4F48-9D75-1FA2C2706223}.Debug|x64.Build.0 = Debug|x64
		{DA5AFCB8-286B-4F48-9D75-1FA2C2706223}.Debug|x64.Deploy.0 = Debug|x64
		{DA5AFCB8-286B-4F48-9D75-1FA2C2706223}.Debug|x86.ActiveCfg = Debug|Win32
		{DA5AFCB8-286B-4F48-9D75-1FA2C2706223}.Debug|x86.Build.0 = Debug|Win32
		{DA5AFCB8-286B-4F48-9D75-1FA2C2706223}.Debug|x86.Deploy.0 = Debug|Win32
		{DA5AFCB8-286B-4F48-9D75-1FA2C2706223}.Debug|ARM64.ActiveCfg = Debug|ARM64
		{DA5AFCB8-286B-4F48-9D75-1FA2C2706223}.Debug|ARM64.Build.0 = Debug|ARM64
		{DA5AFCB8-286B-4F48-9D75-1FA2C2706223}.Debug|ARM64.Deploy.0 = Debug|ARM64
		{DA5AFCB8-286B-4F48-9D75-1FA2C2706223}.Release|x64.ActiveCfg = Release|x64
		{DA5AFCB8-286B-4F48-9D75-1FA2C2706223}.Release|x64.Build.0 = Release|x64
		{DA5AFCB8-286B-4F48-9D75-1FA2C2706223}.Release|x64.Deploy.0 = Release|x64
		{DA5AFCB8-286B-4F48-9D75-1FA2C2706223}.Release|x86.ActiveCfg = Release|Win32
		{DA5AFCB8-286B-4F48-9D75-1FA2C2706223}.Release|x86.Build.0 = Release|Win32
		{DA5AFCB8-286B-4F48-9D75-1FA2C2706223}.Release|x86.Deploy.0 = Release|Win32
		{DA5AFCB8-286B-4F48-9D75-1FA2C2706223}.Release|ARM64.ActiveCfg = Release|ARM64
		{DA5AFCB8-286B-4F48-9D75-1FA2C2706223}.Release|ARM64.Build.0 = Release|ARM64
		{DA5AFCB8-286B-4F48-9D75-1FA2C2706223}.Release|ARM64.Deploy.0 = Release|ARM64
																																																	EndGlobalSection
	GlobalSection(SolutionProperties) = preSolution
		HideSolutionNode = FALSE
		{B250B404-D1A2-4171-851E-E80BA031DAF0}.Debug|x64.ActiveCfg = Debug|x64
		{B250B404-D1A2-4171-851E-E80BA031DAF0}.Debug|x64.Build.0 = Debug|x64
		{B250B404-D1A2-4171-851E-E80BA031DAF0}.Debug|x86.ActiveCfg = Debug|Win32
		{B250B404-D1A2-4171-851E-E80BA031DAF0}.Debug|x86.Build.0 = Debug|Win32
		{B250B404-D1A2-4171-851E-E80BA031DAF0}.Debug|ARM64.ActiveCfg = Debug|ARM64
		{B250B404-D1A2-4171-851E-E80BA031DAF0}.Debug|ARM64.Build.0 = Debug|ARM64
		{B250B404-D1A2-4171-851E-E80BA031DAF0}.Release|x64.ActiveCfg = Release|x64
		{B250B404-D1A2-4171-851E-E80BA031DAF0}.Release|x64.Build.0 = Release|x64
		{B250B404-D1A2-4171-851E-E80BA031DAF0}.Release|x86.ActiveCfg = Release|Win32
		{B250B404-D1A2-4171-851E-E80BA031DAF0}.Release|x86.Build.0 = Release|Win32
		{B250B404-D1A2-4171-851E-E80BA031DAF0}.Release|ARM64.ActiveCfg = Release|ARM64
		{B250B404-D1A2-4171-851E-E80BA031DAF0}.Release|ARM64.Build.0 = Release|ARM64
	EndGlobalSection
	GlobalSection(ExtensibilityGlobals) = postSolution
		SolutionGuid = {D43FAD39-F619-437D-BB40-04A3982ACB6A}
	EndGlobalSection
EndGlobal
